// !$*UTF8*$!
{
	archiveVersion = 1;
	classes = {
	};
	objectVersion = 52;
	objects = {

/* Begin PBXBuildFile section */
		DF19897E26E5B64D00194498 /* TransactionList.swift in Sources */ = {isa = PBXBuildFile; fileRef = DF19897D26E5B64D00194498 /* TransactionList.swift */; };
		DF19897F26E5B64D00194498 /* TransactionList.swift in Sources */ = {isa = PBXBuildFile; fileRef = DF19897D26E5B64D00194498 /* TransactionList.swift */; };
		DF19898126E5E56E00194498 /* TransactionDetailView.swift in Sources */ = {isa = PBXBuildFile; fileRef = DF19898026E5E56E00194498 /* TransactionDetailView.swift */; };
		DF19898226E5E56E00194498 /* TransactionDetailView.swift in Sources */ = {isa = PBXBuildFile; fileRef = DF19898026E5E56E00194498 /* TransactionDetailView.swift */; };
		DF19898426E61C3C00194498 /* SocketIO in Frameworks */ = {isa = PBXBuildFile; productRef = DF19898326E61C3C00194498 /* SocketIO */; };
		DF1FC6A126EB6AD80030A17A /* etdstats_app_clipsApp.swift in Sources */ = {isa = PBXBuildFile; fileRef = DF1FC6A026EB6AD80030A17A /* etdstats_app_clipsApp.swift */; };
		DF1FC6A326EB6AD80030A17A /* ContentView.swift in Sources */ = {isa = PBXBuildFile; fileRef = DF1FC6A226EB6AD80030A17A /* ContentView.swift */; };
		DF1FC6A526EB6ADB0030A17A /* Assets.xcassets in Resources */ = {isa = PBXBuildFile; fileRef = DF1FC6A426EB6ADB0030A17A /* Assets.xcassets */; };
		DF1FC6A826EB6ADB0030A17A /* Preview Assets.xcassets in Resources */ = {isa = PBXBuildFile; fileRef = DF1FC6A726EB6ADB0030A17A /* Preview Assets.xcassets */; };
		DF1FC6B426EB6ADB0030A17A /* etdstats_app_clipsTests.swift in Sources */ = {isa = PBXBuildFile; fileRef = DF1FC6B326EB6ADB0030A17A /* etdstats_app_clipsTests.swift */; };
		DF1FC6BF26EB6ADB0030A17A /* etdstats_app_clipsUITests.swift in Sources */ = {isa = PBXBuildFile; fileRef = DF1FC6BE26EB6ADB0030A17A /* etdstats_app_clipsUITests.swift */; };
		DF1FC6C326EB6ADB0030A17A /* etdstats-app-clips.app in Embed App Clips */ = {isa = PBXBuildFile; fileRef = DF1FC69E26EB6AD80030A17A /* etdstats-app-clips.app */; platformFilter = ios; settings = {ATTRIBUTES = (RemoveHeadersOnCopy, ); }; };
		DF1FC6CE26EB6B060030A17A /* TransactionList.swift in Sources */ = {isa = PBXBuildFile; fileRef = DF19897D26E5B64D00194498 /* TransactionList.swift */; };
		DF1FC6CF26EB6B060030A17A /* TransactionDetailView.swift in Sources */ = {isa = PBXBuildFile; fileRef = DF19898026E5E56E00194498 /* TransactionDetailView.swift */; };
		DF1FC6D026EB6B060030A17A /* TransactionView.swift in Sources */ = {isa = PBXBuildFile; fileRef = DF8E748126E5265600E23C7B /* TransactionView.swift */; };
		DF1FC6D126EB6B0F0030A17A /* ETDStatsModel.swift in Sources */ = {isa = PBXBuildFile; fileRef = DF8E744A26DE2B0600E23C7B /* ETDStatsModel.swift */; };
		DF1FC6D226EB6B140030A17A /* Transaction.swift in Sources */ = {isa = PBXBuildFile; fileRef = DF8E747E26E523F400E23C7B /* Transaction.swift */; };
		DF1FC6D326EB6B140030A17A /* peerInfo.swift in Sources */ = {isa = PBXBuildFile; fileRef = DF8E746026DF589F00E23C7B /* peerInfo.swift */; };
		DF1FC6D426EB6B140030A17A /* webThreeData.swift in Sources */ = {isa = PBXBuildFile; fileRef = DF8E745926DE7E9800E23C7B /* webThreeData.swift */; };
		DF8E742726DE29F300E23C7B /* Tests_iOS.swift in Sources */ = {isa = PBXBuildFile; fileRef = DF8E742626DE29F300E23C7B /* Tests_iOS.swift */; };
		DF8E743226DE29F300E23C7B /* Tests_macOS.swift in Sources */ = {isa = PBXBuildFile; fileRef = DF8E743126DE29F300E23C7B /* Tests_macOS.swift */; };
		DF8E743426DE29F300E23C7B /* etdstatsApp.swift in Sources */ = {isa = PBXBuildFile; fileRef = DF8E740B26DE29F200E23C7B /* etdstatsApp.swift */; };
		DF8E743526DE29F300E23C7B /* etdstatsApp.swift in Sources */ = {isa = PBXBuildFile; fileRef = DF8E740B26DE29F200E23C7B /* etdstatsApp.swift */; };
		DF8E743626DE29F300E23C7B /* HomeView.swift in Sources */ = {isa = PBXBuildFile; fileRef = DF8E740C26DE29F200E23C7B /* HomeView.swift */; };
		DF8E743726DE29F300E23C7B /* HomeView.swift in Sources */ = {isa = PBXBuildFile; fileRef = DF8E740C26DE29F200E23C7B /* HomeView.swift */; };
		DF8E743826DE29F300E23C7B /* Assets.xcassets in Resources */ = {isa = PBXBuildFile; fileRef = DF8E740D26DE29F300E23C7B /* Assets.xcassets */; };
		DF8E743926DE29F300E23C7B /* Assets.xcassets in Resources */ = {isa = PBXBuildFile; fileRef = DF8E740D26DE29F300E23C7B /* Assets.xcassets */; };
		DF8E744B26DE2B0600E23C7B /* ETDStatsModel.swift in Sources */ = {isa = PBXBuildFile; fileRef = DF8E744A26DE2B0600E23C7B /* ETDStatsModel.swift */; };
		DF8E744C26DE2B0600E23C7B /* ETDStatsModel.swift in Sources */ = {isa = PBXBuildFile; fileRef = DF8E744A26DE2B0600E23C7B /* ETDStatsModel.swift */; };
		DF8E745A26DE7E9800E23C7B /* webThreeData.swift in Sources */ = {isa = PBXBuildFile; fileRef = DF8E745926DE7E9800E23C7B /* webThreeData.swift */; };
		DF8E745B26DE7E9800E23C7B /* webThreeData.swift in Sources */ = {isa = PBXBuildFile; fileRef = DF8E745926DE7E9800E23C7B /* webThreeData.swift */; };
		DF8E745E26DE88CC00E23C7B /* DataDisplay.swift in Sources */ = {isa = PBXBuildFile; fileRef = DF8E745D26DE88CC00E23C7B /* DataDisplay.swift */; };
		DF8E745F26DE88CC00E23C7B /* DataDisplay.swift in Sources */ = {isa = PBXBuildFile; fileRef = DF8E745D26DE88CC00E23C7B /* DataDisplay.swift */; };
		DF8E746126DF589F00E23C7B /* peerInfo.swift in Sources */ = {isa = PBXBuildFile; fileRef = DF8E746026DF589F00E23C7B /* peerInfo.swift */; };
		DF8E746226DF589F00E23C7B /* peerInfo.swift in Sources */ = {isa = PBXBuildFile; fileRef = DF8E746026DF589F00E23C7B /* peerInfo.swift */; };
		DF8E746426DF615900E23C7B /* ListItem.swift in Sources */ = {isa = PBXBuildFile; fileRef = DF8E746326DF615900E23C7B /* ListItem.swift */; };
		DF8E746526DF615900E23C7B /* ListItem.swift in Sources */ = {isa = PBXBuildFile; fileRef = DF8E746326DF615900E23C7B /* ListItem.swift */; };
		DF8E746826DFB50400E23C7B /* HomeMainView.swift in Sources */ = {isa = PBXBuildFile; fileRef = DF8E746726DFB50400E23C7B /* HomeMainView.swift */; };
		DF8E746926DFB50400E23C7B /* HomeMainView.swift in Sources */ = {isa = PBXBuildFile; fileRef = DF8E746726DFB50400E23C7B /* HomeMainView.swift */; };
		DF8E746B26DFB64800E23C7B /* HomeSidebar.swift in Sources */ = {isa = PBXBuildFile; fileRef = DF8E746A26DFB64800E23C7B /* HomeSidebar.swift */; };
		DF8E746C26DFB64800E23C7B /* HomeSidebar.swift in Sources */ = {isa = PBXBuildFile; fileRef = DF8E746A26DFB64800E23C7B /* HomeSidebar.swift */; };
		DF8E746F26DFC0C200E23C7B /* SocketIO in Frameworks */ = {isa = PBXBuildFile; productRef = DF8E746E26DFC0C200E23C7B /* SocketIO */; };
		DF8E747226E4A58200E23C7B /* SwiftUICharts in Frameworks */ = {isa = PBXBuildFile; productRef = DF8E747126E4A58200E23C7B /* SwiftUICharts */; };
		DF8E747426E4A59100E23C7B /* SwiftUICharts in Frameworks */ = {isa = PBXBuildFile; productRef = DF8E747326E4A59100E23C7B /* SwiftUICharts */; };
		DF8E747626E4A8BE00E23C7B /* ChartDisplay.swift in Sources */ = {isa = PBXBuildFile; fileRef = DF8E747526E4A8BE00E23C7B /* ChartDisplay.swift */; };
		DF8E747726E4A8BE00E23C7B /* ChartDisplay.swift in Sources */ = {isa = PBXBuildFile; fileRef = DF8E747526E4A8BE00E23C7B /* ChartDisplay.swift */; };
		DF8E747B26E5236700E23C7B /* Alamofire in Frameworks */ = {isa = PBXBuildFile; productRef = DF8E747A26E5236700E23C7B /* Alamofire */; };
		DF8E747D26E5237700E23C7B /* Alamofire in Frameworks */ = {isa = PBXBuildFile; productRef = DF8E747C26E5237700E23C7B /* Alamofire */; };
		DF8E747F26E523F400E23C7B /* Transaction.swift in Sources */ = {isa = PBXBuildFile; fileRef = DF8E747E26E523F400E23C7B /* Transaction.swift */; };
		DF8E748026E523F400E23C7B /* Transaction.swift in Sources */ = {isa = PBXBuildFile; fileRef = DF8E747E26E523F400E23C7B /* Transaction.swift */; };
		DF8E748226E5265600E23C7B /* TransactionView.swift in Sources */ = {isa = PBXBuildFile; fileRef = DF8E748126E5265600E23C7B /* TransactionView.swift */; };
		DF8E748326E5265600E23C7B /* TransactionView.swift in Sources */ = {isa = PBXBuildFile; fileRef = DF8E748126E5265600E23C7B /* TransactionView.swift */; };
		DFC1E42826EB1BE300DFA404 /* WidgetKit.framework in Frameworks */ = {isa = PBXBuildFile; fileRef = DFC1E42726EB1BE300DFA404 /* WidgetKit.framework */; };
		DFC1E42A26EB1BE300DFA404 /* SwiftUI.framework in Frameworks */ = {isa = PBXBuildFile; fileRef = DFC1E42926EB1BE300DFA404 /* SwiftUI.framework */; };
		DFC1E42D26EB1BE300DFA404 /* etdstats_widget.swift in Sources */ = {isa = PBXBuildFile; fileRef = DFC1E42C26EB1BE300DFA404 /* etdstats_widget.swift */; };
		DFC1E43026EB1BE500DFA404 /* Assets.xcassets in Resources */ = {isa = PBXBuildFile; fileRef = DFC1E42F26EB1BE500DFA404 /* Assets.xcassets */; };
		DFC1E43226EB1BE500DFA404 /* etdstats_widget.intentdefinition in Sources */ = {isa = PBXBuildFile; fileRef = DFC1E42E26EB1BE300DFA404 /* etdstats_widget.intentdefinition */; };
		DFC1E43326EB1BE500DFA404 /* etdstats_widget.intentdefinition in Sources */ = {isa = PBXBuildFile; fileRef = DFC1E42E26EB1BE300DFA404 /* etdstats_widget.intentdefinition */; };
		DFC1E43626EB1BE500DFA404 /* etdstats-widgetExtension.appex in Embed App Extensions */ = {isa = PBXBuildFile; fileRef = DFC1E42626EB1BE300DFA404 /* etdstats-widgetExtension.appex */; settings = {ATTRIBUTES = (RemoveHeadersOnCopy, ); }; };
		DFC1E43C26EB237800DFA404 /* ETDStatsModel.swift in Sources */ = {isa = PBXBuildFile; fileRef = DF8E744A26DE2B0600E23C7B /* ETDStatsModel.swift */; };
		DFC1E43D26EB238C00DFA404 /* webThreeData.swift in Sources */ = {isa = PBXBuildFile; fileRef = DF8E745926DE7E9800E23C7B /* webThreeData.swift */; };
		DFC1E43E26EB246A00DFA404 /* Transaction.swift in Sources */ = {isa = PBXBuildFile; fileRef = DF8E747E26E523F400E23C7B /* Transaction.swift */; };
		DFC1E43F26EB246D00DFA404 /* peerInfo.swift in Sources */ = {isa = PBXBuildFile; fileRef = DF8E746026DF589F00E23C7B /* peerInfo.swift */; };
		DFC1E44126EB248400DFA404 /* Alamofire in Frameworks */ = {isa = PBXBuildFile; productRef = DFC1E44026EB248400DFA404 /* Alamofire */; };
		DFC1E44326EB248800DFA404 /* SocketIO in Frameworks */ = {isa = PBXBuildFile; productRef = DFC1E44226EB248800DFA404 /* SocketIO */; };
/* End PBXBuildFile section */

/* Begin PBXContainerItemProxy section */
		DF1FC6B026EB6ADB0030A17A /* PBXContainerItemProxy */ = {
			isa = PBXContainerItemProxy;
			containerPortal = DF8E740626DE29F200E23C7B /* Project object */;
			proxyType = 1;
			remoteGlobalIDString = DF1FC69D26EB6AD80030A17A;
			remoteInfo = "etdstats-app-clips";
		};
		DF1FC6BB26EB6ADB0030A17A /* PBXContainerItemProxy */ = {
			isa = PBXContainerItemProxy;
			containerPortal = DF8E740626DE29F200E23C7B /* Project object */;
			proxyType = 1;
			remoteGlobalIDString = DF1FC69D26EB6AD80030A17A;
			remoteInfo = "etdstats-app-clips";
		};
		DF1FC6C126EB6ADB0030A17A /* PBXContainerItemProxy */ = {
			isa = PBXContainerItemProxy;
			containerPortal = DF8E740626DE29F200E23C7B /* Project object */;
			proxyType = 1;
			remoteGlobalIDString = DF1FC69D26EB6AD80030A17A;
			remoteInfo = "etdstats-app-clips";
		};
		DF8E742326DE29F300E23C7B /* PBXContainerItemProxy */ = {
			isa = PBXContainerItemProxy;
			containerPortal = DF8E740626DE29F200E23C7B /* Project object */;
			proxyType = 1;
			remoteGlobalIDString = DF8E741126DE29F300E23C7B;
			remoteInfo = "etdstats (iOS)";
		};
		DF8E742E26DE29F300E23C7B /* PBXContainerItemProxy */ = {
			isa = PBXContainerItemProxy;
			containerPortal = DF8E740626DE29F200E23C7B /* Project object */;
			proxyType = 1;
			remoteGlobalIDString = DF8E741926DE29F300E23C7B;
			remoteInfo = "etdstats (macOS)";
		};
		DFC1E43426EB1BE500DFA404 /* PBXContainerItemProxy */ = {
			isa = PBXContainerItemProxy;
			containerPortal = DF8E740626DE29F200E23C7B /* Project object */;
			proxyType = 1;
			remoteGlobalIDString = DFC1E42526EB1BE300DFA404;
			remoteInfo = "etdstats-widgetExtension";
		};
/* End PBXContainerItemProxy section */

/* Begin PBXCopyFilesBuildPhase section */
		DF1FC6C426EB6ADB0030A17A /* Embed App Clips */ = {
			isa = PBXCopyFilesBuildPhase;
			buildActionMask = 2147483647;
			dstPath = "$(CONTENTS_FOLDER_PATH)/AppClips";
			dstSubfolderSpec = 16;
			files = (
				DF1FC6C326EB6ADB0030A17A /* etdstats-app-clips.app in Embed App Clips */,
			);
			name = "Embed App Clips";
			runOnlyForDeploymentPostprocessing = 0;
		};
		DFC1E43826EB1BE500DFA404 /* Embed App Extensions */ = {
			isa = PBXCopyFilesBuildPhase;
			buildActionMask = 2147483647;
			dstPath = "";
			dstSubfolderSpec = 13;
			files = (
				DFC1E43626EB1BE500DFA404 /* etdstats-widgetExtension.appex in Embed App Extensions */,
			);
			name = "Embed App Extensions";
			runOnlyForDeploymentPostprocessing = 0;
		};
/* End PBXCopyFilesBuildPhase section */

/* Begin PBXFileReference section */
		DF19897D26E5B64D00194498 /* TransactionList.swift */ = {isa = PBXFileReference; lastKnownFileType = sourcecode.swift; path = TransactionList.swift; sourceTree = "<group>"; };
		DF19898026E5E56E00194498 /* TransactionDetailView.swift */ = {isa = PBXFileReference; lastKnownFileType = sourcecode.swift; path = TransactionDetailView.swift; sourceTree = "<group>"; };
		DF1FC69E26EB6AD80030A17A /* etdstats-app-clips.app */ = {isa = PBXFileReference; explicitFileType = wrapper.application; includeInIndex = 0; path = "etdstats-app-clips.app"; sourceTree = BUILT_PRODUCTS_DIR; };
		DF1FC6A026EB6AD80030A17A /* etdstats_app_clipsApp.swift */ = {isa = PBXFileReference; lastKnownFileType = sourcecode.swift; path = etdstats_app_clipsApp.swift; sourceTree = "<group>"; };
		DF1FC6A226EB6AD80030A17A /* ContentView.swift */ = {isa = PBXFileReference; lastKnownFileType = sourcecode.swift; path = ContentView.swift; sourceTree = "<group>"; };
		DF1FC6A426EB6ADB0030A17A /* Assets.xcassets */ = {isa = PBXFileReference; lastKnownFileType = folder.assetcatalog; path = Assets.xcassets; sourceTree = "<group>"; };
		DF1FC6A726EB6ADB0030A17A /* Preview Assets.xcassets */ = {isa = PBXFileReference; lastKnownFileType = folder.assetcatalog; path = "Preview Assets.xcassets"; sourceTree = "<group>"; };
		DF1FC6A926EB6ADB0030A17A /* Info.plist */ = {isa = PBXFileReference; lastKnownFileType = text.plist.xml; path = Info.plist; sourceTree = "<group>"; };
		DF1FC6AA26EB6ADB0030A17A /* etdstats_app_clips.entitlements */ = {isa = PBXFileReference; lastKnownFileType = text.plist.entitlements; path = etdstats_app_clips.entitlements; sourceTree = "<group>"; };
		DF1FC6AF26EB6ADB0030A17A /* etdstats-app-clipsTests.xctest */ = {isa = PBXFileReference; explicitFileType = wrapper.cfbundle; includeInIndex = 0; path = "etdstats-app-clipsTests.xctest"; sourceTree = BUILT_PRODUCTS_DIR; };
		DF1FC6B326EB6ADB0030A17A /* etdstats_app_clipsTests.swift */ = {isa = PBXFileReference; lastKnownFileType = sourcecode.swift; path = etdstats_app_clipsTests.swift; sourceTree = "<group>"; };
		DF1FC6B526EB6ADB0030A17A /* Info.plist */ = {isa = PBXFileReference; lastKnownFileType = text.plist.xml; path = Info.plist; sourceTree = "<group>"; };
		DF1FC6BA26EB6ADB0030A17A /* etdstats-app-clipsUITests.xctest */ = {isa = PBXFileReference; explicitFileType = wrapper.cfbundle; includeInIndex = 0; path = "etdstats-app-clipsUITests.xctest"; sourceTree = BUILT_PRODUCTS_DIR; };
		DF1FC6BE26EB6ADB0030A17A /* etdstats_app_clipsUITests.swift */ = {isa = PBXFileReference; lastKnownFileType = sourcecode.swift; path = etdstats_app_clipsUITests.swift; sourceTree = "<group>"; };
		DF1FC6C026EB6ADB0030A17A /* Info.plist */ = {isa = PBXFileReference; lastKnownFileType = text.plist.xml; path = Info.plist; sourceTree = "<group>"; };
		DF8E740B26DE29F200E23C7B /* etdstatsApp.swift */ = {isa = PBXFileReference; lastKnownFileType = sourcecode.swift; path = etdstatsApp.swift; sourceTree = "<group>"; };
		DF8E740C26DE29F200E23C7B /* HomeView.swift */ = {isa = PBXFileReference; lastKnownFileType = sourcecode.swift; path = HomeView.swift; sourceTree = "<group>"; };
		DF8E740D26DE29F300E23C7B /* Assets.xcassets */ = {isa = PBXFileReference; lastKnownFileType = folder.assetcatalog; path = Assets.xcassets; sourceTree = "<group>"; };
		DF8E741226DE29F300E23C7B /* etdstats.app */ = {isa = PBXFileReference; explicitFileType = wrapper.application; includeInIndex = 0; path = etdstats.app; sourceTree = BUILT_PRODUCTS_DIR; };
		DF8E741526DE29F300E23C7B /* Info.plist */ = {isa = PBXFileReference; lastKnownFileType = text.plist.xml; path = Info.plist; sourceTree = "<group>"; };
		DF8E741A26DE29F300E23C7B /* etdstats.app */ = {isa = PBXFileReference; explicitFileType = wrapper.application; includeInIndex = 0; path = etdstats.app; sourceTree = BUILT_PRODUCTS_DIR; };
		DF8E741C26DE29F300E23C7B /* Info.plist */ = {isa = PBXFileReference; lastKnownFileType = text.plist.xml; path = Info.plist; sourceTree = "<group>"; };
		DF8E741D26DE29F300E23C7B /* macOS.entitlements */ = {isa = PBXFileReference; lastKnownFileType = text.plist.entitlements; path = macOS.entitlements; sourceTree = "<group>"; };
		DF8E742226DE29F300E23C7B /* Tests iOS.xctest */ = {isa = PBXFileReference; explicitFileType = wrapper.cfbundle; includeInIndex = 0; path = "Tests iOS.xctest"; sourceTree = BUILT_PRODUCTS_DIR; };
		DF8E742626DE29F300E23C7B /* Tests_iOS.swift */ = {isa = PBXFileReference; lastKnownFileType = sourcecode.swift; path = Tests_iOS.swift; sourceTree = "<group>"; };
		DF8E742826DE29F300E23C7B /* Info.plist */ = {isa = PBXFileReference; lastKnownFileType = text.plist.xml; path = Info.plist; sourceTree = "<group>"; };
		DF8E742D26DE29F300E23C7B /* Tests macOS.xctest */ = {isa = PBXFileReference; explicitFileType = wrapper.cfbundle; includeInIndex = 0; path = "Tests macOS.xctest"; sourceTree = BUILT_PRODUCTS_DIR; };
		DF8E743126DE29F300E23C7B /* Tests_macOS.swift */ = {isa = PBXFileReference; lastKnownFileType = sourcecode.swift; path = Tests_macOS.swift; sourceTree = "<group>"; };
		DF8E743326DE29F300E23C7B /* Info.plist */ = {isa = PBXFileReference; lastKnownFileType = text.plist.xml; path = Info.plist; sourceTree = "<group>"; };
		DF8E744826DE2A0800E23C7B /* etdstats.entitlements */ = {isa = PBXFileReference; lastKnownFileType = text.plist.entitlements; path = etdstats.entitlements; sourceTree = "<group>"; };
		DF8E744A26DE2B0600E23C7B /* ETDStatsModel.swift */ = {isa = PBXFileReference; lastKnownFileType = sourcecode.swift; path = ETDStatsModel.swift; sourceTree = "<group>"; };
		DF8E745926DE7E9800E23C7B /* webThreeData.swift */ = {isa = PBXFileReference; lastKnownFileType = sourcecode.swift; path = webThreeData.swift; sourceTree = "<group>"; };
		DF8E745D26DE88CC00E23C7B /* DataDisplay.swift */ = {isa = PBXFileReference; lastKnownFileType = sourcecode.swift; path = DataDisplay.swift; sourceTree = "<group>"; };
		DF8E746026DF589F00E23C7B /* peerInfo.swift */ = {isa = PBXFileReference; lastKnownFileType = sourcecode.swift; path = peerInfo.swift; sourceTree = "<group>"; };
		DF8E746326DF615900E23C7B /* ListItem.swift */ = {isa = PBXFileReference; lastKnownFileType = sourcecode.swift; path = ListItem.swift; sourceTree = "<group>"; };
		DF8E746726DFB50400E23C7B /* HomeMainView.swift */ = {isa = PBXFileReference; lastKnownFileType = sourcecode.swift; path = HomeMainView.swift; sourceTree = "<group>"; };
		DF8E746A26DFB64800E23C7B /* HomeSidebar.swift */ = {isa = PBXFileReference; lastKnownFileType = sourcecode.swift; path = HomeSidebar.swift; sourceTree = "<group>"; };
		DF8E747526E4A8BE00E23C7B /* ChartDisplay.swift */ = {isa = PBXFileReference; lastKnownFileType = sourcecode.swift; path = ChartDisplay.swift; sourceTree = "<group>"; };
		DF8E747E26E523F400E23C7B /* Transaction.swift */ = {isa = PBXFileReference; lastKnownFileType = sourcecode.swift; path = Transaction.swift; sourceTree = "<group>"; };
		DF8E748126E5265600E23C7B /* TransactionView.swift */ = {isa = PBXFileReference; lastKnownFileType = sourcecode.swift; path = TransactionView.swift; sourceTree = "<group>"; };
		DFC1E42626EB1BE300DFA404 /* etdstats-widgetExtension.appex */ = {isa = PBXFileReference; explicitFileType = "wrapper.app-extension"; includeInIndex = 0; path = "etdstats-widgetExtension.appex"; sourceTree = BUILT_PRODUCTS_DIR; };
		DFC1E42726EB1BE300DFA404 /* WidgetKit.framework */ = {isa = PBXFileReference; lastKnownFileType = wrapper.framework; name = WidgetKit.framework; path = System/Library/Frameworks/WidgetKit.framework; sourceTree = SDKROOT; };
		DFC1E42926EB1BE300DFA404 /* SwiftUI.framework */ = {isa = PBXFileReference; lastKnownFileType = wrapper.framework; name = SwiftUI.framework; path = System/Library/Frameworks/SwiftUI.framework; sourceTree = SDKROOT; };
		DFC1E42C26EB1BE300DFA404 /* etdstats_widget.swift */ = {isa = PBXFileReference; lastKnownFileType = sourcecode.swift; path = etdstats_widget.swift; sourceTree = "<group>"; };
		DFC1E42E26EB1BE300DFA404 /* etdstats_widget.intentdefinition */ = {isa = PBXFileReference; lastKnownFileType = file.intentdefinition; path = etdstats_widget.intentdefinition; sourceTree = "<group>"; };
		DFC1E42F26EB1BE500DFA404 /* Assets.xcassets */ = {isa = PBXFileReference; lastKnownFileType = folder.assetcatalog; path = Assets.xcassets; sourceTree = "<group>"; };
		DFC1E43126EB1BE500DFA404 /* Info.plist */ = {isa = PBXFileReference; lastKnownFileType = text.plist.xml; path = Info.plist; sourceTree = "<group>"; };
		DFC1E43726EB1BE500DFA404 /* etdstats-widgetExtension.entitlements */ = {isa = PBXFileReference; lastKnownFileType = text.plist.entitlements; path = "etdstats-widgetExtension.entitlements"; sourceTree = "<group>"; };
/* End PBXFileReference section */

/* Begin PBXFrameworksBuildPhase section */
		DF1FC69B26EB6AD80030A17A /* Frameworks */ = {
			isa = PBXFrameworksBuildPhase;
			buildActionMask = 2147483647;
			files = (
			);
			runOnlyForDeploymentPostprocessing = 0;
		};
		DF1FC6AC26EB6ADB0030A17A /* Frameworks */ = {
			isa = PBXFrameworksBuildPhase;
			buildActionMask = 2147483647;
			files = (
			);
			runOnlyForDeploymentPostprocessing = 0;
		};
		DF1FC6B726EB6ADB0030A17A /* Frameworks */ = {
			isa = PBXFrameworksBuildPhase;
			buildActionMask = 2147483647;
			files = (
			);
			runOnlyForDeploymentPostprocessing = 0;
		};
		DF8E740F26DE29F300E23C7B /* Frameworks */ = {
			isa = PBXFrameworksBuildPhase;
			buildActionMask = 2147483647;
			files = (
				DF8E747226E4A58200E23C7B /* SwiftUICharts in Frameworks */,
				DF8E747B26E5236700E23C7B /* Alamofire in Frameworks */,
				DF19898426E61C3C00194498 /* SocketIO in Frameworks */,
			);
			runOnlyForDeploymentPostprocessing = 0;
		};
		DF8E741726DE29F300E23C7B /* Frameworks */ = {
			isa = PBXFrameworksBuildPhase;
			buildActionMask = 2147483647;
			files = (
				DF8E747D26E5237700E23C7B /* Alamofire in Frameworks */,
				DF8E746F26DFC0C200E23C7B /* SocketIO in Frameworks */,
				DF8E747426E4A59100E23C7B /* SwiftUICharts in Frameworks */,
			);
			runOnlyForDeploymentPostprocessing = 0;
		};
		DF8E741F26DE29F300E23C7B /* Frameworks */ = {
			isa = PBXFrameworksBuildPhase;
			buildActionMask = 2147483647;
			files = (
			);
			runOnlyForDeploymentPostprocessing = 0;
		};
		DF8E742A26DE29F300E23C7B /* Frameworks */ = {
			isa = PBXFrameworksBuildPhase;
			buildActionMask = 2147483647;
			files = (
			);
			runOnlyForDeploymentPostprocessing = 0;
		};
		DFC1E42326EB1BE300DFA404 /* Frameworks */ = {
			isa = PBXFrameworksBuildPhase;
			buildActionMask = 2147483647;
			files = (
				DFC1E44126EB248400DFA404 /* Alamofire in Frameworks */,
				DFC1E44326EB248800DFA404 /* SocketIO in Frameworks */,
				DFC1E42A26EB1BE300DFA404 /* SwiftUI.framework in Frameworks */,
				DFC1E42826EB1BE300DFA404 /* WidgetKit.framework in Frameworks */,
			);
			runOnlyForDeploymentPostprocessing = 0;
		};
/* End PBXFrameworksBuildPhase section */

/* Begin PBXGroup section */
		DF1FC69F26EB6AD80030A17A /* etdstats-app-clips */ = {
			isa = PBXGroup;
			children = (
				DF1FC6A026EB6AD80030A17A /* etdstats_app_clipsApp.swift */,
				DF1FC6A226EB6AD80030A17A /* ContentView.swift */,
				DF1FC6A426EB6ADB0030A17A /* Assets.xcassets */,
				DF1FC6A926EB6ADB0030A17A /* Info.plist */,
				DF1FC6AA26EB6ADB0030A17A /* etdstats_app_clips.entitlements */,
				DF1FC6A626EB6ADB0030A17A /* Preview Content */,
			);
			path = "etdstats-app-clips";
			sourceTree = "<group>";
		};
		DF1FC6A626EB6ADB0030A17A /* Preview Content */ = {
			isa = PBXGroup;
			children = (
				DF1FC6A726EB6ADB0030A17A /* Preview Assets.xcassets */,
			);
			path = "Preview Content";
			sourceTree = "<group>";
		};
		DF1FC6B226EB6ADB0030A17A /* etdstats-app-clipsTests */ = {
			isa = PBXGroup;
			children = (
				DF1FC6B326EB6ADB0030A17A /* etdstats_app_clipsTests.swift */,
				DF1FC6B526EB6ADB0030A17A /* Info.plist */,
			);
			path = "etdstats-app-clipsTests";
			sourceTree = "<group>";
		};
		DF1FC6BD26EB6ADB0030A17A /* etdstats-app-clipsUITests */ = {
			isa = PBXGroup;
			children = (
				DF1FC6BE26EB6ADB0030A17A /* etdstats_app_clipsUITests.swift */,
				DF1FC6C026EB6ADB0030A17A /* Info.plist */,
			);
			path = "etdstats-app-clipsUITests";
			sourceTree = "<group>";
		};
		DF8E740526DE29F200E23C7B = {
			isa = PBXGroup;
			children = (
				DFC1E43726EB1BE500DFA404 /* etdstats-widgetExtension.entitlements */,
				DF8E744826DE2A0800E23C7B /* etdstats.entitlements */,
				DF8E740A26DE29F200E23C7B /* Shared */,
				DF8E741426DE29F300E23C7B /* iOS */,
				DF8E741B26DE29F300E23C7B /* macOS */,
				DF8E742526DE29F300E23C7B /* Tests iOS */,
				DF8E743026DE29F300E23C7B /* Tests macOS */,
				DFC1E42B26EB1BE300DFA404 /* etdstats-widget */,
				DF1FC69F26EB6AD80030A17A /* etdstats-app-clips */,
				DF1FC6B226EB6ADB0030A17A /* etdstats-app-clipsTests */,
				DF1FC6BD26EB6ADB0030A17A /* etdstats-app-clipsUITests */,
				DF8E741326DE29F300E23C7B /* Products */,
				DF8E745326DE37FF00E23C7B /* Frameworks */,
			);
			sourceTree = "<group>";
		};
		DF8E740A26DE29F200E23C7B /* Shared */ = {
			isa = PBXGroup;
			children = (
				DF8E745C26DE88BE00E23C7B /* views */,
				DF8E745826DE7D4800E23C7B /* data */,
				DF8E744926DE2AEF00E23C7B /* models */,
				DF8E740B26DE29F200E23C7B /* etdstatsApp.swift */,
				DF8E740C26DE29F200E23C7B /* HomeView.swift */,
				DF8E740D26DE29F300E23C7B /* Assets.xcassets */,
			);
			path = Shared;
			sourceTree = "<group>";
		};
		DF8E741326DE29F300E23C7B /* Products */ = {
			isa = PBXGroup;
			children = (
				DF8E741226DE29F300E23C7B /* etdstats.app */,
				DF8E741A26DE29F300E23C7B /* etdstats.app */,
				DF8E742226DE29F300E23C7B /* Tests iOS.xctest */,
				DF8E742D26DE29F300E23C7B /* Tests macOS.xctest */,
				DFC1E42626EB1BE300DFA404 /* etdstats-widgetExtension.appex */,
				DF1FC69E26EB6AD80030A17A /* etdstats-app-clips.app */,
				DF1FC6AF26EB6ADB0030A17A /* etdstats-app-clipsTests.xctest */,
				DF1FC6BA26EB6ADB0030A17A /* etdstats-app-clipsUITests.xctest */,
			);
			name = Products;
			sourceTree = "<group>";
		};
		DF8E741426DE29F300E23C7B /* iOS */ = {
			isa = PBXGroup;
			children = (
				DF8E741526DE29F300E23C7B /* Info.plist */,
			);
			path = iOS;
			sourceTree = "<group>";
		};
		DF8E741B26DE29F300E23C7B /* macOS */ = {
			isa = PBXGroup;
			children = (
				DF8E741C26DE29F300E23C7B /* Info.plist */,
				DF8E741D26DE29F300E23C7B /* macOS.entitlements */,
			);
			path = macOS;
			sourceTree = "<group>";
		};
		DF8E742526DE29F300E23C7B /* Tests iOS */ = {
			isa = PBXGroup;
			children = (
				DF8E742626DE29F300E23C7B /* Tests_iOS.swift */,
				DF8E742826DE29F300E23C7B /* Info.plist */,
			);
			path = "Tests iOS";
			sourceTree = "<group>";
		};
		DF8E743026DE29F300E23C7B /* Tests macOS */ = {
			isa = PBXGroup;
			children = (
				DF8E743126DE29F300E23C7B /* Tests_macOS.swift */,
				DF8E743326DE29F300E23C7B /* Info.plist */,
			);
			path = "Tests macOS";
			sourceTree = "<group>";
		};
		DF8E744926DE2AEF00E23C7B /* models */ = {
			isa = PBXGroup;
			children = (
				DF8E744A26DE2B0600E23C7B /* ETDStatsModel.swift */,
			);
			path = models;
			sourceTree = "<group>";
		};
		DF8E745326DE37FF00E23C7B /* Frameworks */ = {
			isa = PBXGroup;
			children = (
				DFC1E42726EB1BE300DFA404 /* WidgetKit.framework */,
				DFC1E42926EB1BE300DFA404 /* SwiftUI.framework */,
			);
			name = Frameworks;
			sourceTree = "<group>";
		};
		DF8E745826DE7D4800E23C7B /* data */ = {
			isa = PBXGroup;
			children = (
				DF8E745926DE7E9800E23C7B /* webThreeData.swift */,
				DF8E746026DF589F00E23C7B /* peerInfo.swift */,
				DF8E747E26E523F400E23C7B /* Transaction.swift */,
			);
			path = data;
			sourceTree = "<group>";
		};
		DF8E745C26DE88BE00E23C7B /* views */ = {
			isa = PBXGroup;
			children = (
				DF8E747826E5231700E23C7B /* transactions */,
				DF8E746626DFB4F500E23C7B /* home */,
				DF8E745D26DE88CC00E23C7B /* DataDisplay.swift */,
				DF8E746326DF615900E23C7B /* ListItem.swift */,
				DF8E747526E4A8BE00E23C7B /* ChartDisplay.swift */,
			);
			path = views;
			sourceTree = "<group>";
		};
		DF8E746626DFB4F500E23C7B /* home */ = {
			isa = PBXGroup;
			children = (
				DF8E746726DFB50400E23C7B /* HomeMainView.swift */,
				DF8E746A26DFB64800E23C7B /* HomeSidebar.swift */,
			);
			path = home;
			sourceTree = "<group>";
		};
		DF8E747826E5231700E23C7B /* transactions */ = {
			isa = PBXGroup;
			children = (
				DF8E748126E5265600E23C7B /* TransactionView.swift */,
				DF19897D26E5B64D00194498 /* TransactionList.swift */,
				DF19898026E5E56E00194498 /* TransactionDetailView.swift */,
			);
			path = transactions;
			sourceTree = "<group>";
		};
		DFC1E42B26EB1BE300DFA404 /* etdstats-widget */ = {
			isa = PBXGroup;
			children = (
				DFC1E42C26EB1BE300DFA404 /* etdstats_widget.swift */,
				DFC1E42E26EB1BE300DFA404 /* etdstats_widget.intentdefinition */,
				DFC1E42F26EB1BE500DFA404 /* Assets.xcassets */,
				DFC1E43126EB1BE500DFA404 /* Info.plist */,
			);
			path = "etdstats-widget";
			sourceTree = "<group>";
		};
/* End PBXGroup section */

/* Begin PBXNativeTarget section */
		DF1FC69D26EB6AD80030A17A /* etdstats-app-clips */ = {
			isa = PBXNativeTarget;
			buildConfigurationList = DF1FC6CB26EB6ADB0030A17A /* Build configuration list for PBXNativeTarget "etdstats-app-clips" */;
			buildPhases = (
				DF1FC69A26EB6AD80030A17A /* Sources */,
				DF1FC69B26EB6AD80030A17A /* Frameworks */,
				DF1FC69C26EB6AD80030A17A /* Resources */,
			);
			buildRules = (
			);
			dependencies = (
			);
			name = "etdstats-app-clips";
			productName = "etdstats-app-clips";
			productReference = DF1FC69E26EB6AD80030A17A /* etdstats-app-clips.app */;
			productType = "com.apple.product-type.application.on-demand-install-capable";
		};
		DF1FC6AE26EB6ADB0030A17A /* etdstats-app-clipsTests */ = {
			isa = PBXNativeTarget;
			buildConfigurationList = DF1FC6CC26EB6ADB0030A17A /* Build configuration list for PBXNativeTarget "etdstats-app-clipsTests" */;
			buildPhases = (
				DF1FC6AB26EB6ADB0030A17A /* Sources */,
				DF1FC6AC26EB6ADB0030A17A /* Frameworks */,
				DF1FC6AD26EB6ADB0030A17A /* Resources */,
			);
			buildRules = (
			);
			dependencies = (
				DF1FC6B126EB6ADB0030A17A /* PBXTargetDependency */,
			);
			name = "etdstats-app-clipsTests";
			productName = "etdstats-app-clipsTests";
			productReference = DF1FC6AF26EB6ADB0030A17A /* etdstats-app-clipsTests.xctest */;
			productType = "com.apple.product-type.bundle.unit-test";
		};
		DF1FC6B926EB6ADB0030A17A /* etdstats-app-clipsUITests */ = {
			isa = PBXNativeTarget;
			buildConfigurationList = DF1FC6CD26EB6ADB0030A17A /* Build configuration list for PBXNativeTarget "etdstats-app-clipsUITests" */;
			buildPhases = (
				DF1FC6B626EB6ADB0030A17A /* Sources */,
				DF1FC6B726EB6ADB0030A17A /* Frameworks */,
				DF1FC6B826EB6ADB0030A17A /* Resources */,
			);
			buildRules = (
			);
			dependencies = (
				DF1FC6BC26EB6ADB0030A17A /* PBXTargetDependency */,
			);
			name = "etdstats-app-clipsUITests";
			productName = "etdstats-app-clipsUITests";
			productReference = DF1FC6BA26EB6ADB0030A17A /* etdstats-app-clipsUITests.xctest */;
			productType = "com.apple.product-type.bundle.ui-testing";
		};
		DF8E741126DE29F300E23C7B /* etdstats (iOS) */ = {
			isa = PBXNativeTarget;
			buildConfigurationList = DF8E743C26DE29F300E23C7B /* Build configuration list for PBXNativeTarget "etdstats (iOS)" */;
			buildPhases = (
				DF8E740E26DE29F300E23C7B /* Sources */,
				DF8E740F26DE29F300E23C7B /* Frameworks */,
				DF8E741026DE29F300E23C7B /* Resources */,
				DFC1E43826EB1BE500DFA404 /* Embed App Extensions */,
				DF1FC6C426EB6ADB0030A17A /* Embed App Clips */,
			);
			buildRules = (
			);
			dependencies = (
				DFC1E43526EB1BE500DFA404 /* PBXTargetDependency */,
				DF1FC6C226EB6ADB0030A17A /* PBXTargetDependency */,
			);
			name = "etdstats (iOS)";
			packageProductDependencies = (
				DF8E747126E4A58200E23C7B /* SwiftUICharts */,
				DF8E747A26E5236700E23C7B /* Alamofire */,
				DF19898326E61C3C00194498 /* SocketIO */,
			);
			productName = "etdstats (iOS)";
			productReference = DF8E741226DE29F300E23C7B /* etdstats.app */;
			productType = "com.apple.product-type.application";
		};
		DF8E741926DE29F300E23C7B /* etdstats (macOS) */ = {
			isa = PBXNativeTarget;
			buildConfigurationList = DF8E743F26DE29F300E23C7B /* Build configuration list for PBXNativeTarget "etdstats (macOS)" */;
			buildPhases = (
				DF8E741626DE29F300E23C7B /* Sources */,
				DF8E741726DE29F300E23C7B /* Frameworks */,
				DF8E741826DE29F300E23C7B /* Resources */,
			);
			buildRules = (
			);
			dependencies = (
			);
			name = "etdstats (macOS)";
			packageProductDependencies = (
				DF8E746E26DFC0C200E23C7B /* SocketIO */,
				DF8E747326E4A59100E23C7B /* SwiftUICharts */,
				DF8E747C26E5237700E23C7B /* Alamofire */,
			);
			productName = "etdstats (macOS)";
			productReference = DF8E741A26DE29F300E23C7B /* etdstats.app */;
			productType = "com.apple.product-type.application";
		};
		DF8E742126DE29F300E23C7B /* Tests iOS */ = {
			isa = PBXNativeTarget;
			buildConfigurationList = DF8E744226DE29F300E23C7B /* Build configuration list for PBXNativeTarget "Tests iOS" */;
			buildPhases = (
				DF8E741E26DE29F300E23C7B /* Sources */,
				DF8E741F26DE29F300E23C7B /* Frameworks */,
				DF8E742026DE29F300E23C7B /* Resources */,
			);
			buildRules = (
			);
			dependencies = (
				DF8E742426DE29F300E23C7B /* PBXTargetDependency */,
			);
			name = "Tests iOS";
			productName = "Tests iOS";
			productReference = DF8E742226DE29F300E23C7B /* Tests iOS.xctest */;
			productType = "com.apple.product-type.bundle.ui-testing";
		};
		DF8E742C26DE29F300E23C7B /* Tests macOS */ = {
			isa = PBXNativeTarget;
			buildConfigurationList = DF8E744526DE29F300E23C7B /* Build configuration list for PBXNativeTarget "Tests macOS" */;
			buildPhases = (
				DF8E742926DE29F300E23C7B /* Sources */,
				DF8E742A26DE29F300E23C7B /* Frameworks */,
				DF8E742B26DE29F300E23C7B /* Resources */,
			);
			buildRules = (
			);
			dependencies = (
				DF8E742F26DE29F300E23C7B /* PBXTargetDependency */,
			);
			name = "Tests macOS";
			productName = "Tests macOS";
			productReference = DF8E742D26DE29F300E23C7B /* Tests macOS.xctest */;
			productType = "com.apple.product-type.bundle.ui-testing";
		};
		DFC1E42526EB1BE300DFA404 /* etdstats-widgetExtension */ = {
			isa = PBXNativeTarget;
			buildConfigurationList = DFC1E43B26EB1BE500DFA404 /* Build configuration list for PBXNativeTarget "etdstats-widgetExtension" */;
			buildPhases = (
				DFC1E42226EB1BE300DFA404 /* Sources */,
				DFC1E42326EB1BE300DFA404 /* Frameworks */,
				DFC1E42426EB1BE300DFA404 /* Resources */,
			);
			buildRules = (
			);
			dependencies = (
			);
			name = "etdstats-widgetExtension";
			packageProductDependencies = (
				DFC1E44026EB248400DFA404 /* Alamofire */,
				DFC1E44226EB248800DFA404 /* SocketIO */,
			);
			productName = "etdstats-widgetExtension";
			productReference = DFC1E42626EB1BE300DFA404 /* etdstats-widgetExtension.appex */;
			productType = "com.apple.product-type.app-extension";
		};
/* End PBXNativeTarget section */

/* Begin PBXProject section */
		DF8E740626DE29F200E23C7B /* Project object */ = {
			isa = PBXProject;
			attributes = {
				LastSwiftUpdateCheck = 1250;
				LastUpgradeCheck = 1250;
				TargetAttributes = {
					DF1FC69D26EB6AD80030A17A = {
						CreatedOnToolsVersion = 12.5.1;
					};
					DF1FC6AE26EB6ADB0030A17A = {
						CreatedOnToolsVersion = 12.5.1;
						TestTargetID = DF1FC69D26EB6AD80030A17A;
					};
					DF1FC6B926EB6ADB0030A17A = {
						CreatedOnToolsVersion = 12.5.1;
						TestTargetID = DF1FC69D26EB6AD80030A17A;
					};
					DF8E741126DE29F300E23C7B = {
						CreatedOnToolsVersion = 12.5.1;
					};
					DF8E741926DE29F300E23C7B = {
						CreatedOnToolsVersion = 12.5.1;
					};
					DF8E742126DE29F300E23C7B = {
						CreatedOnToolsVersion = 12.5.1;
						TestTargetID = DF8E741126DE29F300E23C7B;
					};
					DF8E742C26DE29F300E23C7B = {
						CreatedOnToolsVersion = 12.5.1;
						TestTargetID = DF8E741926DE29F300E23C7B;
					};
					DFC1E42526EB1BE300DFA404 = {
						CreatedOnToolsVersion = 12.5.1;
					};
				};
			};
			buildConfigurationList = DF8E740926DE29F200E23C7B /* Build configuration list for PBXProject "etdstats" */;
			compatibilityVersion = "Xcode 9.3";
			developmentRegion = en;
			hasScannedForEncodings = 0;
			knownRegions = (
				en,
				Base,
			);
			mainGroup = DF8E740526DE29F200E23C7B;
			packageReferences = (
				DF8E746D26DFC0C200E23C7B /* XCRemoteSwiftPackageReference "socket" */,
				DF8E747026E4A58200E23C7B /* XCRemoteSwiftPackageReference "ChartView" */,
				DF8E747926E5236700E23C7B /* XCRemoteSwiftPackageReference "Alamofire" */,
			);
			productRefGroup = DF8E741326DE29F300E23C7B /* Products */;
			projectDirPath = "";
			projectRoot = "";
			targets = (
				DF8E741126DE29F300E23C7B /* etdstats (iOS) */,
				DF8E741926DE29F300E23C7B /* etdstats (macOS) */,
				DF8E742126DE29F300E23C7B /* Tests iOS */,
				DF8E742C26DE29F300E23C7B /* Tests macOS */,
				DFC1E42526EB1BE300DFA404 /* etdstats-widgetExtension */,
				DF1FC69D26EB6AD80030A17A /* etdstats-app-clips */,
				DF1FC6AE26EB6ADB0030A17A /* etdstats-app-clipsTests */,
				DF1FC6B926EB6ADB0030A17A /* etdstats-app-clipsUITests */,
			);
		};
/* End PBXProject section */

/* Begin PBXResourcesBuildPhase section */
		DF1FC69C26EB6AD80030A17A /* Resources */ = {
			isa = PBXResourcesBuildPhase;
			buildActionMask = 2147483647;
			files = (
				DF1FC6A826EB6ADB0030A17A /* Preview Assets.xcassets in Resources */,
				DF1FC6A526EB6ADB0030A17A /* Assets.xcassets in Resources */,
			);
			runOnlyForDeploymentPostprocessing = 0;
		};
		DF1FC6AD26EB6ADB0030A17A /* Resources */ = {
			isa = PBXResourcesBuildPhase;
			buildActionMask = 2147483647;
			files = (
			);
			runOnlyForDeploymentPostprocessing = 0;
		};
		DF1FC6B826EB6ADB0030A17A /* Resources */ = {
			isa = PBXResourcesBuildPhase;
			buildActionMask = 2147483647;
			files = (
			);
			runOnlyForDeploymentPostprocessing = 0;
		};
		DF8E741026DE29F300E23C7B /* Resources */ = {
			isa = PBXResourcesBuildPhase;
			buildActionMask = 2147483647;
			files = (
				DF8E743826DE29F300E23C7B /* Assets.xcassets in Resources */,
			);
			runOnlyForDeploymentPostprocessing = 0;
		};
		DF8E741826DE29F300E23C7B /* Resources */ = {
			isa = PBXResourcesBuildPhase;
			buildActionMask = 2147483647;
			files = (
				DF8E743926DE29F300E23C7B /* Assets.xcassets in Resources */,
			);
			runOnlyForDeploymentPostprocessing = 0;
		};
		DF8E742026DE29F300E23C7B /* Resources */ = {
			isa = PBXResourcesBuildPhase;
			buildActionMask = 2147483647;
			files = (
			);
			runOnlyForDeploymentPostprocessing = 0;
		};
		DF8E742B26DE29F300E23C7B /* Resources */ = {
			isa = PBXResourcesBuildPhase;
			buildActionMask = 2147483647;
			files = (
			);
			runOnlyForDeploymentPostprocessing = 0;
		};
		DFC1E42426EB1BE300DFA404 /* Resources */ = {
			isa = PBXResourcesBuildPhase;
			buildActionMask = 2147483647;
			files = (
				DFC1E43026EB1BE500DFA404 /* Assets.xcassets in Resources */,
			);
			runOnlyForDeploymentPostprocessing = 0;
		};
/* End PBXResourcesBuildPhase section */

/* Begin PBXSourcesBuildPhase section */
		DF1FC69A26EB6AD80030A17A /* Sources */ = {
			isa = PBXSourcesBuildPhase;
			buildActionMask = 2147483647;
			files = (
				DF1FC6D226EB6B140030A17A /* Transaction.swift in Sources */,
				DF1FC6D326EB6B140030A17A /* peerInfo.swift in Sources */,
				DF1FC6A326EB6AD80030A17A /* ContentView.swift in Sources */,
				DF1FC6CE26EB6B060030A17A /* TransactionList.swift in Sources */,
				DF1FC6D026EB6B060030A17A /* TransactionView.swift in Sources */,
				DF1FC6D126EB6B0F0030A17A /* ETDStatsModel.swift in Sources */,
				DF1FC6CF26EB6B060030A17A /* TransactionDetailView.swift in Sources */,
				DF1FC6A126EB6AD80030A17A /* etdstats_app_clipsApp.swift in Sources */,
				DF1FC6D426EB6B140030A17A /* webThreeData.swift in Sources */,
			);
			runOnlyForDeploymentPostprocessing = 0;
		};
		DF1FC6AB26EB6ADB0030A17A /* Sources */ = {
			isa = PBXSourcesBuildPhase;
			buildActionMask = 2147483647;
			files = (
				DF1FC6B426EB6ADB0030A17A /* etdstats_app_clipsTests.swift in Sources */,
			);
			runOnlyForDeploymentPostprocessing = 0;
		};
		DF1FC6B626EB6ADB0030A17A /* Sources */ = {
			isa = PBXSourcesBuildPhase;
			buildActionMask = 2147483647;
			files = (
				DF1FC6BF26EB6ADB0030A17A /* etdstats_app_clipsUITests.swift in Sources */,
			);
			runOnlyForDeploymentPostprocessing = 0;
		};
		DF8E740E26DE29F300E23C7B /* Sources */ = {
			isa = PBXSourcesBuildPhase;
			buildActionMask = 2147483647;
			files = (
				DF8E747F26E523F400E23C7B /* Transaction.swift in Sources */,
				DF8E744B26DE2B0600E23C7B /* ETDStatsModel.swift in Sources */,
				DF8E746426DF615900E23C7B /* ListItem.swift in Sources */,
				DF8E745A26DE7E9800E23C7B /* webThreeData.swift in Sources */,
				DF8E745E26DE88CC00E23C7B /* DataDisplay.swift in Sources */,
				DF8E748226E5265600E23C7B /* TransactionView.swift in Sources */,
				DFC1E43326EB1BE500DFA404 /* etdstats_widget.intentdefinition in Sources */,
				DF8E746126DF589F00E23C7B /* peerInfo.swift in Sources */,
				DF8E746826DFB50400E23C7B /* HomeMainView.swift in Sources */,
				DF8E743626DE29F300E23C7B /* HomeView.swift in Sources */,
				DF8E746B26DFB64800E23C7B /* HomeSidebar.swift in Sources */,
				DF19898126E5E56E00194498 /* TransactionDetailView.swift in Sources */,
				DF19897E26E5B64D00194498 /* TransactionList.swift in Sources */,
				DF8E743426DE29F300E23C7B /* etdstatsApp.swift in Sources */,
				DF8E747626E4A8BE00E23C7B /* ChartDisplay.swift in Sources */,
			);
			runOnlyForDeploymentPostprocessing = 0;
		};
		DF8E741626DE29F300E23C7B /* Sources */ = {
			isa = PBXSourcesBuildPhase;
			buildActionMask = 2147483647;
			files = (
				DF8E748026E523F400E23C7B /* Transaction.swift in Sources */,
				DF8E744C26DE2B0600E23C7B /* ETDStatsModel.swift in Sources */,
				DF8E746526DF615900E23C7B /* ListItem.swift in Sources */,
				DF8E745B26DE7E9800E23C7B /* webThreeData.swift in Sources */,
				DF8E745F26DE88CC00E23C7B /* DataDisplay.swift in Sources */,
				DF8E748326E5265600E23C7B /* TransactionView.swift in Sources */,
				DF8E746226DF589F00E23C7B /* peerInfo.swift in Sources */,
				DF8E746926DFB50400E23C7B /* HomeMainView.swift in Sources */,
				DF8E743726DE29F300E23C7B /* HomeView.swift in Sources */,
				DF8E746C26DFB64800E23C7B /* HomeSidebar.swift in Sources */,
				DF19898226E5E56E00194498 /* TransactionDetailView.swift in Sources */,
				DF19897F26E5B64D00194498 /* TransactionList.swift in Sources */,
				DF8E743526DE29F300E23C7B /* etdstatsApp.swift in Sources */,
				DF8E747726E4A8BE00E23C7B /* ChartDisplay.swift in Sources */,
			);
			runOnlyForDeploymentPostprocessing = 0;
		};
		DF8E741E26DE29F300E23C7B /* Sources */ = {
			isa = PBXSourcesBuildPhase;
			buildActionMask = 2147483647;
			files = (
				DF8E742726DE29F300E23C7B /* Tests_iOS.swift in Sources */,
			);
			runOnlyForDeploymentPostprocessing = 0;
		};
		DF8E742926DE29F300E23C7B /* Sources */ = {
			isa = PBXSourcesBuildPhase;
			buildActionMask = 2147483647;
			files = (
				DF8E743226DE29F300E23C7B /* Tests_macOS.swift in Sources */,
			);
			runOnlyForDeploymentPostprocessing = 0;
		};
		DFC1E42226EB1BE300DFA404 /* Sources */ = {
			isa = PBXSourcesBuildPhase;
			buildActionMask = 2147483647;
			files = (
				DFC1E43C26EB237800DFA404 /* ETDStatsModel.swift in Sources */,
				DFC1E43D26EB238C00DFA404 /* webThreeData.swift in Sources */,
				DFC1E43226EB1BE500DFA404 /* etdstats_widget.intentdefinition in Sources */,
				DFC1E43F26EB246D00DFA404 /* peerInfo.swift in Sources */,
				DFC1E42D26EB1BE300DFA404 /* etdstats_widget.swift in Sources */,
				DFC1E43E26EB246A00DFA404 /* Transaction.swift in Sources */,
			);
			runOnlyForDeploymentPostprocessing = 0;
		};
/* End PBXSourcesBuildPhase section */

/* Begin PBXTargetDependency section */
		DF1FC6B126EB6ADB0030A17A /* PBXTargetDependency */ = {
			isa = PBXTargetDependency;
			target = DF1FC69D26EB6AD80030A17A /* etdstats-app-clips */;
			targetProxy = DF1FC6B026EB6ADB0030A17A /* PBXContainerItemProxy */;
		};
		DF1FC6BC26EB6ADB0030A17A /* PBXTargetDependency */ = {
			isa = PBXTargetDependency;
			target = DF1FC69D26EB6AD80030A17A /* etdstats-app-clips */;
			targetProxy = DF1FC6BB26EB6ADB0030A17A /* PBXContainerItemProxy */;
		};
		DF1FC6C226EB6ADB0030A17A /* PBXTargetDependency */ = {
			isa = PBXTargetDependency;
			target = DF1FC69D26EB6AD80030A17A /* etdstats-app-clips */;
			targetProxy = DF1FC6C126EB6ADB0030A17A /* PBXContainerItemProxy */;
		};
		DF8E742426DE29F300E23C7B /* PBXTargetDependency */ = {
			isa = PBXTargetDependency;
			target = DF8E741126DE29F300E23C7B /* etdstats (iOS) */;
			targetProxy = DF8E742326DE29F300E23C7B /* PBXContainerItemProxy */;
		};
		DF8E742F26DE29F300E23C7B /* PBXTargetDependency */ = {
			isa = PBXTargetDependency;
			target = DF8E741926DE29F300E23C7B /* etdstats (macOS) */;
			targetProxy = DF8E742E26DE29F300E23C7B /* PBXContainerItemProxy */;
		};
		DFC1E43526EB1BE500DFA404 /* PBXTargetDependency */ = {
			isa = PBXTargetDependency;
			target = DFC1E42526EB1BE300DFA404 /* etdstats-widgetExtension */;
			targetProxy = DFC1E43426EB1BE500DFA404 /* PBXContainerItemProxy */;
		};
/* End PBXTargetDependency section */

/* Begin XCBuildConfiguration section */
		DF1FC6C526EB6ADB0030A17A /* Debug */ = {
			isa = XCBuildConfiguration;
			buildSettings = {
				ASSETCATALOG_COMPILER_APPICON_NAME = AppIcon;
				ASSETCATALOG_COMPILER_GLOBAL_ACCENT_COLOR_NAME = AccentColor;
				CODE_SIGN_ENTITLEMENTS = "etdstats-app-clips/etdstats_app_clips.entitlements";
				CODE_SIGN_STYLE = Automatic;
				DEVELOPMENT_ASSET_PATHS = "\"etdstats-app-clips/Preview Content\"";
				DEVELOPMENT_TEAM = P9KK452K8P;
				ENABLE_PREVIEWS = YES;
				INFOPLIST_FILE = "etdstats-app-clips/Info.plist";
				IPHONEOS_DEPLOYMENT_TARGET = 14.5;
				LD_RUNPATH_SEARCH_PATHS = (
					"$(inherited)",
					"@executable_path/Frameworks",
				);
				PRODUCT_BUNDLE_IDENTIFIER = "com.sirileepage.etdstats-ios.Clip";
				PRODUCT_NAME = "$(TARGET_NAME)";
				SDKROOT = iphoneos;
				SWIFT_VERSION = 5.0;
				TARGETED_DEVICE_FAMILY = "1,2";
			};
			name = Debug;
		};
		DF1FC6C626EB6ADB0030A17A /* Release */ = {
			isa = XCBuildConfiguration;
			buildSettings = {
				ASSETCATALOG_COMPILER_APPICON_NAME = AppIcon;
				ASSETCATALOG_COMPILER_GLOBAL_ACCENT_COLOR_NAME = AccentColor;
				CODE_SIGN_ENTITLEMENTS = "etdstats-app-clips/etdstats_app_clips.entitlements";
				CODE_SIGN_STYLE = Automatic;
				DEVELOPMENT_ASSET_PATHS = "\"etdstats-app-clips/Preview Content\"";
				DEVELOPMENT_TEAM = P9KK452K8P;
				ENABLE_PREVIEWS = YES;
				INFOPLIST_FILE = "etdstats-app-clips/Info.plist";
				IPHONEOS_DEPLOYMENT_TARGET = 14.5;
				LD_RUNPATH_SEARCH_PATHS = (
					"$(inherited)",
					"@executable_path/Frameworks",
				);
				PRODUCT_BUNDLE_IDENTIFIER = "com.sirileepage.etdstats-ios.Clip";
				PRODUCT_NAME = "$(TARGET_NAME)";
				SDKROOT = iphoneos;
				SWIFT_VERSION = 5.0;
				TARGETED_DEVICE_FAMILY = "1,2";
				VALIDATE_PRODUCT = YES;
			};
			name = Release;
		};
		DF1FC6C726EB6ADB0030A17A /* Debug */ = {
			isa = XCBuildConfiguration;
			buildSettings = {
				ALWAYS_EMBED_SWIFT_STANDARD_LIBRARIES = YES;
				BUNDLE_LOADER = "$(TEST_HOST)";
				CODE_SIGN_STYLE = Automatic;
				DEVELOPMENT_TEAM = P9KK452K8P;
				INFOPLIST_FILE = "etdstats-app-clipsTests/Info.plist";
				IPHONEOS_DEPLOYMENT_TARGET = 14.5;
				LD_RUNPATH_SEARCH_PATHS = (
					"$(inherited)",
					"@executable_path/Frameworks",
					"@loader_path/Frameworks",
				);
				PRODUCT_BUNDLE_IDENTIFIER = "com.sirileepage.etdstats-ios.etdstats-app-clipsTests";
				PRODUCT_NAME = "$(TARGET_NAME)";
				SDKROOT = iphoneos;
				SWIFT_VERSION = 5.0;
				TARGETED_DEVICE_FAMILY = "1,2";
				TEST_HOST = "$(BUILT_PRODUCTS_DIR)/etdstats-app-clips.app/etdstats-app-clips";
			};
			name = Debug;
		};
		DF1FC6C826EB6ADB0030A17A /* Release */ = {
			isa = XCBuildConfiguration;
			buildSettings = {
				ALWAYS_EMBED_SWIFT_STANDARD_LIBRARIES = YES;
				BUNDLE_LOADER = "$(TEST_HOST)";
				CODE_SIGN_STYLE = Automatic;
				DEVELOPMENT_TEAM = P9KK452K8P;
				INFOPLIST_FILE = "etdstats-app-clipsTests/Info.plist";
				IPHONEOS_DEPLOYMENT_TARGET = 14.5;
				LD_RUNPATH_SEARCH_PATHS = (
					"$(inherited)",
					"@executable_path/Frameworks",
					"@loader_path/Frameworks",
				);
				PRODUCT_BUNDLE_IDENTIFIER = "com.sirileepage.etdstats-ios.etdstats-app-clipsTests";
				PRODUCT_NAME = "$(TARGET_NAME)";
				SDKROOT = iphoneos;
				SWIFT_VERSION = 5.0;
				TARGETED_DEVICE_FAMILY = "1,2";
				TEST_HOST = "$(BUILT_PRODUCTS_DIR)/etdstats-app-clips.app/etdstats-app-clips";
				VALIDATE_PRODUCT = YES;
			};
			name = Release;
		};
		DF1FC6C926EB6ADB0030A17A /* Debug */ = {
			isa = XCBuildConfiguration;
			buildSettings = {
				ALWAYS_EMBED_SWIFT_STANDARD_LIBRARIES = YES;
				CODE_SIGN_STYLE = Automatic;
				DEVELOPMENT_TEAM = P9KK452K8P;
				INFOPLIST_FILE = "etdstats-app-clipsUITests/Info.plist";
				IPHONEOS_DEPLOYMENT_TARGET = 14.5;
				LD_RUNPATH_SEARCH_PATHS = (
					"$(inherited)",
					"@executable_path/Frameworks",
					"@loader_path/Frameworks",
				);
				PRODUCT_BUNDLE_IDENTIFIER = "com.sirileepage.etdstats-ios.etdstats-app-clipsUITests";
				PRODUCT_NAME = "$(TARGET_NAME)";
				SDKROOT = iphoneos;
				SWIFT_VERSION = 5.0;
				TARGETED_DEVICE_FAMILY = "1,2";
				TEST_TARGET_NAME = "etdstats-app-clips";
			};
			name = Debug;
		};
		DF1FC6CA26EB6ADB0030A17A /* Release */ = {
			isa = XCBuildConfiguration;
			buildSettings = {
				ALWAYS_EMBED_SWIFT_STANDARD_LIBRARIES = YES;
				CODE_SIGN_STYLE = Automatic;
				DEVELOPMENT_TEAM = P9KK452K8P;
				INFOPLIST_FILE = "etdstats-app-clipsUITests/Info.plist";
				IPHONEOS_DEPLOYMENT_TARGET = 14.5;
				LD_RUNPATH_SEARCH_PATHS = (
					"$(inherited)",
					"@executable_path/Frameworks",
					"@loader_path/Frameworks",
				);
				PRODUCT_BUNDLE_IDENTIFIER = "com.sirileepage.etdstats-ios.etdstats-app-clipsUITests";
				PRODUCT_NAME = "$(TARGET_NAME)";
				SDKROOT = iphoneos;
				SWIFT_VERSION = 5.0;
				TARGETED_DEVICE_FAMILY = "1,2";
				TEST_TARGET_NAME = "etdstats-app-clips";
				VALIDATE_PRODUCT = YES;
			};
			name = Release;
		};
		DF8E743A26DE29F300E23C7B /* Debug */ = {
			isa = XCBuildConfiguration;
			buildSettings = {
				ALWAYS_SEARCH_USER_PATHS = NO;
				CLANG_ANALYZER_NONNULL = YES;
				CLANG_ANALYZER_NUMBER_OBJECT_CONVERSION = YES_AGGRESSIVE;
				CLANG_CXX_LANGUAGE_STANDARD = "gnu++14";
				CLANG_CXX_LIBRARY = "libc++";
				CLANG_ENABLE_MODULES = YES;
				CLANG_ENABLE_OBJC_ARC = YES;
				CLANG_ENABLE_OBJC_WEAK = YES;
				CLANG_WARN_BLOCK_CAPTURE_AUTORELEASING = YES;
				CLANG_WARN_BOOL_CONVERSION = YES;
				CLANG_WARN_COMMA = YES;
				CLANG_WARN_CONSTANT_CONVERSION = YES;
				CLANG_WARN_DEPRECATED_OBJC_IMPLEMENTATIONS = YES;
				CLANG_WARN_DIRECT_OBJC_ISA_USAGE = YES_ERROR;
				CLANG_WARN_DOCUMENTATION_COMMENTS = YES;
				CLANG_WARN_EMPTY_BODY = YES;
				CLANG_WARN_ENUM_CONVERSION = YES;
				CLANG_WARN_INFINITE_RECURSION = YES;
				CLANG_WARN_INT_CONVERSION = YES;
				CLANG_WARN_NON_LITERAL_NULL_CONVERSION = YES;
				CLANG_WARN_OBJC_IMPLICIT_RETAIN_SELF = YES;
				CLANG_WARN_OBJC_LITERAL_CONVERSION = YES;
				CLANG_WARN_OBJC_ROOT_CLASS = YES_ERROR;
				CLANG_WARN_QUOTED_INCLUDE_IN_FRAMEWORK_HEADER = YES;
				CLANG_WARN_RANGE_LOOP_ANALYSIS = YES;
				CLANG_WARN_STRICT_PROTOTYPES = YES;
				CLANG_WARN_SUSPICIOUS_MOVE = YES;
				CLANG_WARN_UNGUARDED_AVAILABILITY = YES_AGGRESSIVE;
				CLANG_WARN_UNREACHABLE_CODE = YES;
				CLANG_WARN__DUPLICATE_METHOD_MATCH = YES;
				COPY_PHASE_STRIP = NO;
				DEBUG_INFORMATION_FORMAT = dwarf;
				ENABLE_STRICT_OBJC_MSGSEND = YES;
				ENABLE_TESTABILITY = YES;
				GCC_C_LANGUAGE_STANDARD = gnu11;
				GCC_DYNAMIC_NO_PIC = NO;
				GCC_NO_COMMON_BLOCKS = YES;
				GCC_OPTIMIZATION_LEVEL = 0;
				GCC_PREPROCESSOR_DEFINITIONS = (
					"DEBUG=1",
					"$(inherited)",
				);
				GCC_WARN_64_TO_32_BIT_CONVERSION = YES;
				GCC_WARN_ABOUT_RETURN_TYPE = YES_ERROR;
				GCC_WARN_UNDECLARED_SELECTOR = YES;
				GCC_WARN_UNINITIALIZED_AUTOS = YES_AGGRESSIVE;
				GCC_WARN_UNUSED_FUNCTION = YES;
				GCC_WARN_UNUSED_VARIABLE = YES;
				MTL_ENABLE_DEBUG_INFO = INCLUDE_SOURCE;
				MTL_FAST_MATH = YES;
				ONLY_ACTIVE_ARCH = YES;
				SWIFT_ACTIVE_COMPILATION_CONDITIONS = DEBUG;
				SWIFT_OPTIMIZATION_LEVEL = "-Onone";
			};
			name = Debug;
		};
		DF8E743B26DE29F300E23C7B /* Release */ = {
			isa = XCBuildConfiguration;
			buildSettings = {
				ALWAYS_SEARCH_USER_PATHS = NO;
				CLANG_ANALYZER_NONNULL = YES;
				CLANG_ANALYZER_NUMBER_OBJECT_CONVERSION = YES_AGGRESSIVE;
				CLANG_CXX_LANGUAGE_STANDARD = "gnu++14";
				CLANG_CXX_LIBRARY = "libc++";
				CLANG_ENABLE_MODULES = YES;
				CLANG_ENABLE_OBJC_ARC = YES;
				CLANG_ENABLE_OBJC_WEAK = YES;
				CLANG_WARN_BLOCK_CAPTURE_AUTORELEASING = YES;
				CLANG_WARN_BOOL_CONVERSION = YES;
				CLANG_WARN_COMMA = YES;
				CLANG_WARN_CONSTANT_CONVERSION = YES;
				CLANG_WARN_DEPRECATED_OBJC_IMPLEMENTATIONS = YES;
				CLANG_WARN_DIRECT_OBJC_ISA_USAGE = YES_ERROR;
				CLANG_WARN_DOCUMENTATION_COMMENTS = YES;
				CLANG_WARN_EMPTY_BODY = YES;
				CLANG_WARN_ENUM_CONVERSION = YES;
				CLANG_WARN_INFINITE_RECURSION = YES;
				CLANG_WARN_INT_CONVERSION = YES;
				CLANG_WARN_NON_LITERAL_NULL_CONVERSION = YES;
				CLANG_WARN_OBJC_IMPLICIT_RETAIN_SELF = YES;
				CLANG_WARN_OBJC_LITERAL_CONVERSION = YES;
				CLANG_WARN_OBJC_ROOT_CLASS = YES_ERROR;
				CLANG_WARN_QUOTED_INCLUDE_IN_FRAMEWORK_HEADER = YES;
				CLANG_WARN_RANGE_LOOP_ANALYSIS = YES;
				CLANG_WARN_STRICT_PROTOTYPES = YES;
				CLANG_WARN_SUSPICIOUS_MOVE = YES;
				CLANG_WARN_UNGUARDED_AVAILABILITY = YES_AGGRESSIVE;
				CLANG_WARN_UNREACHABLE_CODE = YES;
				CLANG_WARN__DUPLICATE_METHOD_MATCH = YES;
				COPY_PHASE_STRIP = NO;
				DEBUG_INFORMATION_FORMAT = "dwarf-with-dsym";
				ENABLE_NS_ASSERTIONS = NO;
				ENABLE_STRICT_OBJC_MSGSEND = YES;
				GCC_C_LANGUAGE_STANDARD = gnu11;
				GCC_NO_COMMON_BLOCKS = YES;
				GCC_WARN_64_TO_32_BIT_CONVERSION = YES;
				GCC_WARN_ABOUT_RETURN_TYPE = YES_ERROR;
				GCC_WARN_UNDECLARED_SELECTOR = YES;
				GCC_WARN_UNINITIALIZED_AUTOS = YES_AGGRESSIVE;
				GCC_WARN_UNUSED_FUNCTION = YES;
				GCC_WARN_UNUSED_VARIABLE = YES;
				MTL_ENABLE_DEBUG_INFO = NO;
				MTL_FAST_MATH = YES;
				SWIFT_COMPILATION_MODE = wholemodule;
				SWIFT_OPTIMIZATION_LEVEL = "-O";
			};
			name = Release;
		};
		DF8E743D26DE29F300E23C7B /* Debug */ = {
			isa = XCBuildConfiguration;
			buildSettings = {
				ALWAYS_EMBED_SWIFT_STANDARD_LIBRARIES = YES;
				ASSETCATALOG_COMPILER_APPICON_NAME = AppIcon;
				ASSETCATALOG_COMPILER_GLOBAL_ACCENT_COLOR_NAME = AccentColor;
				CODE_SIGN_ENTITLEMENTS = etdstats.entitlements;
				CODE_SIGN_STYLE = Automatic;
				DEVELOPMENT_TEAM = P9KK452K8P;
				ENABLE_PREVIEWS = YES;
				INFOPLIST_FILE = iOS/Info.plist;
				IPHONEOS_DEPLOYMENT_TARGET = 14.0;
				LD_RUNPATH_SEARCH_PATHS = (
					"$(inherited)",
					"@executable_path/Frameworks",
				);
				MARKETING_VERSION = 0.1.1;
				PRODUCT_BUNDLE_IDENTIFIER = "com.sirileepage.etdstats-ios";
				PRODUCT_NAME = etdstats;
				SDKROOT = iphoneos;
				SUPPORTS_MACCATALYST = YES;
				SWIFT_VERSION = 5.0;
				TARGETED_DEVICE_FAMILY = "1,2";
			};
			name = Debug;
		};
		DF8E743E26DE29F300E23C7B /* Release */ = {
			isa = XCBuildConfiguration;
			buildSettings = {
				ALWAYS_EMBED_SWIFT_STANDARD_LIBRARIES = YES;
				ASSETCATALOG_COMPILER_APPICON_NAME = AppIcon;
				ASSETCATALOG_COMPILER_GLOBAL_ACCENT_COLOR_NAME = AccentColor;
				CODE_SIGN_ENTITLEMENTS = etdstats.entitlements;
				CODE_SIGN_STYLE = Automatic;
				DEVELOPMENT_TEAM = P9KK452K8P;
				ENABLE_PREVIEWS = YES;
				INFOPLIST_FILE = iOS/Info.plist;
				IPHONEOS_DEPLOYMENT_TARGET = 14.0;
				LD_RUNPATH_SEARCH_PATHS = (
					"$(inherited)",
					"@executable_path/Frameworks",
				);
				MARKETING_VERSION = 0.1.1;
				PRODUCT_BUNDLE_IDENTIFIER = "com.sirileepage.etdstats-ios";
				PRODUCT_NAME = etdstats;
				SDKROOT = iphoneos;
				SUPPORTS_MACCATALYST = YES;
				SWIFT_VERSION = 5.0;
				TARGETED_DEVICE_FAMILY = "1,2";
				VALIDATE_PRODUCT = YES;
			};
			name = Release;
		};
		DF8E744026DE29F300E23C7B /* Debug */ = {
			isa = XCBuildConfiguration;
			buildSettings = {
				ASSETCATALOG_COMPILER_APPICON_NAME = AppIcon;
				ASSETCATALOG_COMPILER_GLOBAL_ACCENT_COLOR_NAME = AccentColor;
				CODE_SIGN_ENTITLEMENTS = macOS/macOS.entitlements;
				CODE_SIGN_STYLE = Automatic;
				COMBINE_HIDPI_IMAGES = YES;
				DEVELOPMENT_TEAM = P9KK452K8P;
				ENABLE_HARDENED_RUNTIME = YES;
				ENABLE_PREVIEWS = YES;
				INFOPLIST_FILE = macOS/Info.plist;
				LD_RUNPATH_SEARCH_PATHS = (
					"$(inherited)",
					"@executable_path/../Frameworks",
				);
				MACOSX_DEPLOYMENT_TARGET = 11.0;
				PRODUCT_BUNDLE_IDENTIFIER = com.sirileepage.etdstats;
				PRODUCT_NAME = etdstats;
				SDKROOT = macosx;
				SWIFT_VERSION = 5.0;
			};
			name = Debug;
		};
		DF8E744126DE29F300E23C7B /* Release */ = {
			isa = XCBuildConfiguration;
			buildSettings = {
				ASSETCATALOG_COMPILER_APPICON_NAME = AppIcon;
				ASSETCATALOG_COMPILER_GLOBAL_ACCENT_COLOR_NAME = AccentColor;
				CODE_SIGN_ENTITLEMENTS = macOS/macOS.entitlements;
				CODE_SIGN_STYLE = Automatic;
				COMBINE_HIDPI_IMAGES = YES;
				DEVELOPMENT_TEAM = P9KK452K8P;
				ENABLE_HARDENED_RUNTIME = YES;
				ENABLE_PREVIEWS = YES;
				INFOPLIST_FILE = macOS/Info.plist;
				LD_RUNPATH_SEARCH_PATHS = (
					"$(inherited)",
					"@executable_path/../Frameworks",
				);
				MACOSX_DEPLOYMENT_TARGET = 11.0;
				PRODUCT_BUNDLE_IDENTIFIER = com.sirileepage.etdstats;
				PRODUCT_NAME = etdstats;
				SDKROOT = macosx;
				SWIFT_VERSION = 5.0;
			};
			name = Release;
		};
		DF8E744326DE29F300E23C7B /* Debug */ = {
			isa = XCBuildConfiguration;
			buildSettings = {
				ALWAYS_EMBED_SWIFT_STANDARD_LIBRARIES = YES;
				CODE_SIGN_STYLE = Automatic;
				DEVELOPMENT_TEAM = P9KK452K8P;
				INFOPLIST_FILE = "Tests iOS/Info.plist";
				IPHONEOS_DEPLOYMENT_TARGET = 14.5;
				LD_RUNPATH_SEARCH_PATHS = (
					"$(inherited)",
					"@executable_path/Frameworks",
					"@loader_path/Frameworks",
				);
				PRODUCT_BUNDLE_IDENTIFIER = "com.sirileepage.Tests-iOS";
				PRODUCT_NAME = "$(TARGET_NAME)";
				SDKROOT = iphoneos;
				SWIFT_VERSION = 5.0;
				TARGETED_DEVICE_FAMILY = "1,2";
				TEST_TARGET_NAME = "etdstats (iOS)";
			};
			name = Debug;
		};
		DF8E744426DE29F300E23C7B /* Release */ = {
			isa = XCBuildConfiguration;
			buildSettings = {
				ALWAYS_EMBED_SWIFT_STANDARD_LIBRARIES = YES;
				CODE_SIGN_STYLE = Automatic;
				DEVELOPMENT_TEAM = P9KK452K8P;
				INFOPLIST_FILE = "Tests iOS/Info.plist";
				IPHONEOS_DEPLOYMENT_TARGET = 14.5;
				LD_RUNPATH_SEARCH_PATHS = (
					"$(inherited)",
					"@executable_path/Frameworks",
					"@loader_path/Frameworks",
				);
				PRODUCT_BUNDLE_IDENTIFIER = "com.sirileepage.Tests-iOS";
				PRODUCT_NAME = "$(TARGET_NAME)";
				SDKROOT = iphoneos;
				SWIFT_VERSION = 5.0;
				TARGETED_DEVICE_FAMILY = "1,2";
				TEST_TARGET_NAME = "etdstats (iOS)";
				VALIDATE_PRODUCT = YES;
			};
			name = Release;
		};
		DF8E744626DE29F300E23C7B /* Debug */ = {
			isa = XCBuildConfiguration;
			buildSettings = {
				ALWAYS_EMBED_SWIFT_STANDARD_LIBRARIES = YES;
				CODE_SIGN_STYLE = Automatic;
				COMBINE_HIDPI_IMAGES = YES;
				DEVELOPMENT_TEAM = P9KK452K8P;
				INFOPLIST_FILE = "Tests macOS/Info.plist";
				LD_RUNPATH_SEARCH_PATHS = (
					"$(inherited)",
					"@executable_path/../Frameworks",
					"@loader_path/../Frameworks",
				);
				MACOSX_DEPLOYMENT_TARGET = 11.3;
				PRODUCT_BUNDLE_IDENTIFIER = "com.sirileepage.Tests-macOS";
				PRODUCT_NAME = "$(TARGET_NAME)";
				SDKROOT = macosx;
				SWIFT_VERSION = 5.0;
				TEST_TARGET_NAME = "etdstats (macOS)";
			};
			name = Debug;
		};
		DF8E744726DE29F300E23C7B /* Release */ = {
			isa = XCBuildConfiguration;
			buildSettings = {
				ALWAYS_EMBED_SWIFT_STANDARD_LIBRARIES = YES;
				CODE_SIGN_STYLE = Automatic;
				COMBINE_HIDPI_IMAGES = YES;
				DEVELOPMENT_TEAM = P9KK452K8P;
				INFOPLIST_FILE = "Tests macOS/Info.plist";
				LD_RUNPATH_SEARCH_PATHS = (
					"$(inherited)",
					"@executable_path/../Frameworks",
					"@loader_path/../Frameworks",
				);
				MACOSX_DEPLOYMENT_TARGET = 11.3;
				PRODUCT_BUNDLE_IDENTIFIER = "com.sirileepage.Tests-macOS";
				PRODUCT_NAME = "$(TARGET_NAME)";
				SDKROOT = macosx;
				SWIFT_VERSION = 5.0;
				TEST_TARGET_NAME = "etdstats (macOS)";
			};
			name = Release;
		};
		DFC1E43926EB1BE500DFA404 /* Debug */ = {
			isa = XCBuildConfiguration;
			buildSettings = {
				ASSETCATALOG_COMPILER_GLOBAL_ACCENT_COLOR_NAME = AccentColor;
				ASSETCATALOG_COMPILER_WIDGET_BACKGROUND_COLOR_NAME = WidgetBackground;
				CODE_SIGN_ENTITLEMENTS = "etdstats-widgetExtension.entitlements";
				CODE_SIGN_STYLE = Automatic;
				DEVELOPMENT_TEAM = P9KK452K8P;
				INFOPLIST_FILE = "etdstats-widget/Info.plist";
				IPHONEOS_DEPLOYMENT_TARGET = 14.5;
				LD_RUNPATH_SEARCH_PATHS = (
					"$(inherited)",
					"@executable_path/Frameworks",
					"@executable_path/../../Frameworks",
				);
				PRODUCT_BUNDLE_IDENTIFIER = "com.sirileepage.etdstats-ios.etdstats-widget";
				PRODUCT_NAME = "$(TARGET_NAME)";
				SDKROOT = iphoneos;
				SKIP_INSTALL = YES;
				SUPPORTS_MACCATALYST = YES;
				SWIFT_VERSION = 5.0;
				TARGETED_DEVICE_FAMILY = "1,2";
			};
			name = Debug;
		};
		DFC1E43A26EB1BE500DFA404 /* Release */ = {
			isa = XCBuildConfiguration;
			buildSettings = {
				ASSETCATALOG_COMPILER_GLOBAL_ACCENT_COLOR_NAME = AccentColor;
				ASSETCATALOG_COMPILER_WIDGET_BACKGROUND_COLOR_NAME = WidgetBackground;
				CODE_SIGN_ENTITLEMENTS = "etdstats-widgetExtension.entitlements";
				CODE_SIGN_STYLE = Automatic;
				DEVELOPMENT_TEAM = P9KK452K8P;
				INFOPLIST_FILE = "etdstats-widget/Info.plist";
				IPHONEOS_DEPLOYMENT_TARGET = 14.5;
				LD_RUNPATH_SEARCH_PATHS = (
					"$(inherited)",
					"@executable_path/Frameworks",
					"@executable_path/../../Frameworks",
				);
				PRODUCT_BUNDLE_IDENTIFIER = "com.sirileepage.etdstats-ios.etdstats-widget";
				PRODUCT_NAME = "$(TARGET_NAME)";
				SDKROOT = iphoneos;
				SKIP_INSTALL = YES;
				SUPPORTS_MACCATALYST = YES;
				SWIFT_VERSION = 5.0;
				TARGETED_DEVICE_FAMILY = "1,2";
				VALIDATE_PRODUCT = YES;
			};
			name = Release;
		};
/* End XCBuildConfiguration section */

/* Begin XCConfigurationList section */
		DF1FC6CB26EB6ADB0030A17A /* Build configuration list for PBXNativeTarget "etdstats-app-clips" */ = {
			isa = XCConfigurationList;
			buildConfigurations = (
				DF1FC6C526EB6ADB0030A17A /* Debug */,
				DF1FC6C626EB6ADB0030A17A /* Release */,
			);
			defaultConfigurationIsVisible = 0;
			defaultConfigurationName = Release;
		};
		DF1FC6CC26EB6ADB0030A17A /* Build configuration list for PBXNativeTarget "etdstats-app-clipsTests" */ = {
			isa = XCConfigurationList;
			buildConfigurations = (
				DF1FC6C726EB6ADB0030A17A /* Debug */,
				DF1FC6C826EB6ADB0030A17A /* Release */,
			);
			defaultConfigurationIsVisible = 0;
			defaultConfigurationName = Release;
		};
		DF1FC6CD26EB6ADB0030A17A /* Build configuration list for PBXNativeTarget "etdstats-app-clipsUITests" */ = {
			isa = XCConfigurationList;
			buildConfigurations = (
				DF1FC6C926EB6ADB0030A17A /* Debug */,
				DF1FC6CA26EB6ADB0030A17A /* Release */,
			);
			defaultConfigurationIsVisible = 0;
			defaultConfigurationName = Release;
		};
		DF8E740926DE29F200E23C7B /* Build configuration list for PBXProject "etdstats" */ = {
			isa = XCConfigurationList;
			buildConfigurations = (
				DF8E743A26DE29F300E23C7B /* Debug */,
				DF8E743B26DE29F300E23C7B /* Release */,
			);
			defaultConfigurationIsVisible = 0;
			defaultConfigurationName = Release;
		};
		DF8E743C26DE29F300E23C7B /* Build configuration list for PBXNativeTarget "etdstats (iOS)" */ = {
			isa = XCConfigurationList;
			buildConfigurations = (
				DF8E743D26DE29F300E23C7B /* Debug */,
				DF8E743E26DE29F300E23C7B /* Release */,
			);
			defaultConfigurationIsVisible = 0;
			defaultConfigurationName = Release;
		};
		DF8E743F26DE29F300E23C7B /* Build configuration list for PBXNativeTarget "etdstats (macOS)" */ = {
			isa = XCConfigurationList;
			buildConfigurations = (
				DF8E744026DE29F300E23C7B /* Debug */,
				DF8E744126DE29F300E23C7B /* Release */,
			);
			defaultConfigurationIsVisible = 0;
			defaultConfigurationName = Release;
		};
		DF8E744226DE29F300E23C7B /* Build configuration list for PBXNativeTarget "Tests iOS" */ = {
			isa = XCConfigurationList;
			buildConfigurations = (
				DF8E744326DE29F300E23C7B /* Debug */,
				DF8E744426DE29F300E23C7B /* Release */,
			);
			defaultConfigurationIsVisible = 0;
			defaultConfigurationName = Release;
		};
		DF8E744526DE29F300E23C7B /* Build configuration list for PBXNativeTarget "Tests macOS" */ = {
			isa = XCConfigurationList;
			buildConfigurations = (
				DF8E744626DE29F300E23C7B /* Debug */,
				DF8E744726DE29F300E23C7B /* Release */,
			);
			defaultConfigurationIsVisible = 0;
			defaultConfigurationName = Release;
		};
		DFC1E43B26EB1BE500DFA404 /* Build configuration list for PBXNativeTarget "etdstats-widgetExtension" */ = {
			isa = XCConfigurationList;
			buildConfigurations = (
				DFC1E43926EB1BE500DFA404 /* Debug */,
				DFC1E43A26EB1BE500DFA404 /* Release */,
			);
			defaultConfigurationIsVisible = 0;
			defaultConfigurationName = Release;
		};
/* End XCConfigurationList section */

/* Begin XCRemoteSwiftPackageReference section */
		DF8E746D26DFC0C200E23C7B /* XCRemoteSwiftPackageReference "socket" */ = {
			isa = XCRemoteSwiftPackageReference;
			repositoryURL = "https://github.com/socketio/socket.io-client-swift";
			requirement = {
				kind = upToNextMajorVersion;
				minimumVersion = 16.0.1;
			};
		};
		DF8E747026E4A58200E23C7B /* XCRemoteSwiftPackageReference "ChartView" */ = {
			isa = XCRemoteSwiftPackageReference;
			repositoryURL = "https://github.com/AppPear/ChartView";
			requirement = {
				kind = upToNextMajorVersion;
				minimumVersion = 1.5.5;
			};
		};
		DF8E747926E5236700E23C7B /* XCRemoteSwiftPackageReference "Alamofire" */ = {
			isa = XCRemoteSwiftPackageReference;
			repositoryURL = "https://github.com/Alamofire/Alamofire";
			requirement = {
				kind = upToNextMajorVersion;
				minimumVersion = 5.4.3;
			};
		};
/* End XCRemoteSwiftPackageReference section */

/* Begin XCSwiftPackageProductDependency section */
		DF19898326E61C3C00194498 /* SocketIO */ = {
			isa = XCSwiftPackageProductDependency;
			package = DF8E746D26DFC0C200E23C7B /* XCRemoteSwiftPackageReference "socket" */;
			productName = SocketIO;
		};
		DF8E746E26DFC0C200E23C7B /* SocketIO */ = {
			isa = XCSwiftPackageProductDependency;
			package = DF8E746D26DFC0C200E23C7B /* XCRemoteSwiftPackageReference "socket" */;
			productName = SocketIO;
		};
		DF8E747126E4A58200E23C7B /* SwiftUICharts */ = {
			isa = XCSwiftPackageProductDependency;
			package = DF8E747026E4A58200E23C7B /* XCRemoteSwiftPackageReference "ChartView" */;
			productName = SwiftUICharts;
		};
		DF8E747326E4A59100E23C7B /* SwiftUICharts */ = {
			isa = XCSwiftPackageProductDependency;
			package = DF8E747026E4A58200E23C7B /* XCRemoteSwiftPackageReference "ChartView" */;
			productName = SwiftUICharts;
		};
		DF8E747A26E5236700E23C7B /* Alamofire */ = {
			isa = XCSwiftPackageProductDependency;
			package = DF8E747926E5236700E23C7B /* XCRemoteSwiftPackageReference "Alamofire" */;
			productName = Alamofire;
		};
		DF8E747C26E5237700E23C7B /* Alamofire */ = {
			isa = XCSwiftPackageProductDependency;
			package = DF8E747926E5236700E23C7B /* XCRemoteSwiftPackageReference "Alamofire" */;
			productName = Alamofire;
		};
		DFC1E44026EB248400DFA404 /* Alamofire */ = {
			isa = XCSwiftPackageProductDependency;
			package = DF8E747926E5236700E23C7B /* XCRemoteSwiftPackageReference "Alamofire" */;
			productName = Alamofire;
		};
		DFC1E44226EB248800DFA404 /* SocketIO */ = {
			isa = XCSwiftPackageProductDependency;
			package = DF8E746D26DFC0C200E23C7B /* XCRemoteSwiftPackageReference "socket" */;
			productName = SocketIO;
		};
/* End XCSwiftPackageProductDependency section */
	};
	rootObject = DF8E740626DE29F200E23C7B /* Project object */;
}
